
Microsoft Visual Studio Solution File, Format Version 12.00
# Visual Studio 14
VisualStudioVersion = 14.0.25420.1
MinimumVisualStudioVersion = 10.0.40219.1
Project("{FAE04EC0-301F-11D3-BF4B-00C04F79EFBC}") = "HelloCI.Web", "src\app\HelloCI.Web\HelloCI.Web.csproj", "{62F7443F-DFE2-4C72-9948-BC5826E5C82C}"
EndProject
Project("{FAE04EC0-301F-11D3-BF4B-00C04F79EFBC}") = "HelloCI.Core", "src\app\HelloCI.Core\HelloCI.Core.csproj", "{1791FC0F-382F-4365-AF8B-34500EBA94F0}"
EndProject
Project("{FAE04EC0-301F-11D3-BF4B-00C04F79EFBC}") = "HelloCI.Tests", "HelloCI.Tests\HelloCI.Tests.csproj", "{B897F193-B966-4EA3-9955-6C18E9F02747}"
EndProject
Global
	GlobalSection(SolutionConfigurationPlatforms) = preSolution
		Debug|Any CPU = Debug|Any CPU
		Release|Any CPU = Release|Any CPU
	EndGlobalSection
	GlobalSection(ProjectConfigurationPlatforms) = postSolution
		{62F7443F-DFE2-4C72-9948-BC5826E5C82C}.Debug|Any CPU.ActiveCfg = Debug|Any CPU
		{62F7443F-DFE2-4C72-9948-BC5826E5C82C}.Debug|Any CPU.Build.0 = Debug|Any CPU
		{62F7443F-DFE2-4C72-9948-BC5826E5C82C}.Release|Any CPU.ActiveCfg = Release|Any CPU
		{62F7443F-DFE2-4C72-9948-BC5826E5C82C}.Release|Any CPU.Build.0 = Release|Any CPU
		{1791FC0F-382F-4365-AF8B-34500EBA94F0}.Debug|Any CPU.ActiveCfg = Debug|Any CPU
		{1791FC0F-382F-4365-AF8B-34500EBA94F0}.Debug|Any CPU.Build.0 = Debug|Any CPU
		{1791FC0F-382F-4365-AF8B-34500EBA94F0}.Release|Any CPU.ActiveCfg = Release|Any CPU
		{1791FC0F-382F-4365-AF8B-34500EBA94F0}.Release|Any CPU.Build.0 = Release|Any CPU
		{B897F193-B966-4EA3-9955-6C18E9F02747}.Debug|Any CPU.ActiveCfg = Debug|Any CPU
		{B897F193-B966-4EA3-9955-6C18E9F02747}.Debug|Any CPU.Build.0 = Debug|Any CPU
		{B897F193-B966-4EA3-9955-6C18E9F02747}.Release|Any CPU.ActiveCfg = Release|Any CPU
		{B897F193-B966-4EA3-9955-6C18E9F02747}.Release|Any CPU.Build.0 = Release|Any CPU
	EndGlobalSection
	GlobalSection(SolutionProperties) = preSolution
		HideSolutionNode = FALSE
	EndGlobalSection
EndGlobal
